// !$*UTF8*$!
{
	archiveVersion = 1;
	classes = {
	};
	objectVersion = 77;
	objects = {

/* Begin PBXContainerItemProxy section */
		305BE76D2E44EF4100ADFB52 /* PBXContainerItemProxy */ = {
			isa = PBXContainerItemProxy;
			containerPortal = 305BE7542E44EF4000ADFB52 /* Project object */;
			proxyType = 1;
			remoteGlobalIDString = 305BE75B2E44EF4000ADFB52;
			remoteInfo = Tikluy;
		};
		305BE7772E44EF4100ADFB52 /* PBXContainerItemProxy */ = {
			isa = PBXContainerItemProxy;
			containerPortal = 305BE7542E44EF4000ADFB52 /* Project object */;
			proxyType = 1;
			remoteGlobalIDString = 305BE75B2E44EF4000ADFB52;
			remoteInfo = Tikluy;
		};
/* End PBXContainerItemProxy section */

/* Begin PBXFileReference section */
		305BE75C2E44EF4000ADFB52 /* Tikluy.app */ = {isa = PBXFileReference; explicitFileType = wrapper.application; includeInIndex = 0; path = Tikluy.app; sourceTree = BUILT_PRODUCTS_DIR; };
		305BE76C2E44EF4100ADFB52 /* TikluyTests.xctest */ = {isa = PBXFileReference; explicitFileType = wrapper.cfbundle; includeInIndex = 0; path = TikluyTests.xctest; sourceTree = BUILT_PRODUCTS_DIR; };
		305BE7762E44EF4100ADFB52 /* TikluyUITests.xctest */ = {isa = PBXFileReference; explicitFileType = wrapper.cfbundle; includeInIndex = 0; path = TikluyUITests.xctest; sourceTree = BUILT_PRODUCTS_DIR; };
/* End PBXFileReference section */

/* Begin PBXFileSystemSynchronizedRootGroup section */
		305BE75E2E44EF4000ADFB52 /* Tikluy */ = {
			isa = PBXFileSystemSynchronizedRootGroup;
			path = Tikluy;
			sourceTree = "<group>";
		};
		305BE76F2E44EF4100ADFB52 /* TikluyTests */ = {
			isa = PBXFileSystemSynchronizedRootGroup;
			path = TikluyTests;
			sourceTree = "<group>";
		};
		305BE7792E44EF4100ADFB52 /* TikluyUITests */ = {
			isa = PBXFileSystemSynchronizedRootGroup;
			path = TikluyUITests;
			sourceTree = "<group>";
		};
/* End PBXFileSystemSynchronizedRootGroup section */

/* Begin PBXFrameworksBuildPhase section */
		305BE7592E44EF4000ADFB52 /* Frameworks */ = {
			isa = PBXFrameworksBuildPhase;
			buildActionMask = 2147483647;
			files = (
			);
			runOnlyForDeploymentPostprocessing = 0;
		};
		305BE7692E44EF4100ADFB52 /* Frameworks */ = {
			isa = PBXFrameworksBuildPhase;
			buildActionMask = 2147483647;
			files = (
			);
			runOnlyForDeploymentPostprocessing = 0;
		};
		305BE7732E44EF4100ADFB52 /* Frameworks */ = {
			isa = PBXFrameworksBuildPhase;
			buildActionMask = 2147483647;
			files = (
			);
			runOnlyForDeploymentPostprocessing = 0;
		};
/* End PBXFrameworksBuildPhase section */

/* Begin PBXGroup section */
		305BE7532E44EF4000ADFB52 = {
			isa = PBXGroup;
			children = (
				305BE75E2E44EF4000ADFB52 /* Tikluy */,
				305BE76F2E44EF4100ADFB52 /* TikluyTests */,
				305BE7792E44EF4100ADFB52 /* TikluyUITests */,
				305BE75D2E44EF4000ADFB52 /* Products */,
			);
			sourceTree = "<group>";
		};
		305BE75D2E44EF4000ADFB52 /* Products */ = {
			isa = PBXGroup;
			children = (
				305BE75C2E44EF4000ADFB52 /* Tikluy.app */,
				305BE76C2E44EF4100ADFB52 /* TikluyTests.xctest */,
				305BE7762E44EF4100ADFB52 /* TikluyUITests.xctest */,
			);
			name = Products;
			sourceTree = "<group>";
		};
/* End PBXGroup section */

/* Begin PBXNativeTarget section */
		305BE75B2E44EF4000ADFB52 /* Tikluy */ = {
			isa = PBXNativeTarget;
			buildConfigurationList = 305BE7802E44EF4100ADFB52 /* Build configuration list for PBXNativeTarget "Tikluy" */;
			buildPhases = (
				305BE7582E44EF4000ADFB52 /* Sources */,
				305BE7592E44EF4000ADFB52 /* Frameworks */,
				305BE75A2E44EF4000ADFB52 /* Resources */,
			);
			buildRules = (
			);
			dependencies = (
			);
			fileSystemSynchronizedGroups = (
				305BE75E2E44EF4000ADFB52 /* Tikluy */,
			);
			name = Tikluy;
			packageProductDependencies = (
			);
			productName = Tikluy;
			productReference = 305BE75C2E44EF4000ADFB52 /* Tikluy.app */;
			productType = "com.apple.product-type.application";
		};
		305BE76B2E44EF4100ADFB52 /* TikluyTests */ = {
			isa = PBXNativeTarget;
			buildConfigurationList = 305BE7832E44EF4100ADFB52 /* Build configuration list for PBXNativeTarget "TikluyTests" */;
			buildPhases = (
				305BE7682E44EF4100ADFB52 /* Sources */,
				305BE7692E44EF4100ADFB52 /* Frameworks */,
				305BE76A2E44EF4100ADFB52 /* Resources */,
			);
			buildRules = (
			);
			dependencies = (
				305BE76E2E44EF4100ADFB52 /* PBXTargetDependency */,
			);
			fileSystemSynchronizedGroups = (
				305BE76F2E44EF4100ADFB52 /* TikluyTests */,
			);
			name = TikluyTests;
			packageProductDependencies = (
			);
			productName = TikluyTests;
			productReference = 305BE76C2E44EF4100ADFB52 /* TikluyTests.xctest */;
			productType = "com.apple.product-type.bundle.unit-test";
		};
		305BE7752E44EF4100ADFB52 /* TikluyUITests */ = {
			isa = PBXNativeTarget;
			buildConfigurationList = 305BE7862E44EF4100ADFB52 /* Build configuration list for PBXNativeTarget "TikluyUITests" */;
			buildPhases = (
				305BE7722E44EF4100ADFB52 /* Sources */,
				305BE7732E44EF4100ADFB52 /* Frameworks */,
				305BE7742E44EF4100ADFB52 /* Resources */,
			);
			buildRules = (
			);
			dependencies = (
				305BE7782E44EF4100ADFB52 /* PBXTargetDependency */,
			);
			fileSystemSynchronizedGroups = (
				305BE7792E44EF4100ADFB52 /* TikluyUITests */,
			);
			name = TikluyUITests;
			packageProductDependencies = (
			);
			productName = TikluyUITests;
			productReference = 305BE7762E44EF4100ADFB52 /* TikluyUITests.xctest */;
			productType = "com.apple.product-type.bundle.ui-testing";
		};
/* End PBXNativeTarget section */

/* Begin PBXProject section */
		305BE7542E44EF4000ADFB52 /* Project object */ = {
			isa = PBXProject;
			attributes = {
				BuildIndependentTargetsInParallel = 1;
				LastSwiftUpdateCheck = 1620;
				LastUpgradeCheck = 1620;
				TargetAttributes = {
					305BE75B2E44EF4000ADFB52 = {
						CreatedOnToolsVersion = 16.2;
					};
					305BE76B2E44EF4100ADFB52 = {
						CreatedOnToolsVersion = 16.2;
						TestTargetID = 305BE75B2E44EF4000ADFB52;
					};
					305BE7752E44EF4100ADFB52 = {
						CreatedOnToolsVersion = 16.2;
						TestTargetID = 305BE75B2E44EF4000ADFB52;
					};
				};
			};
			buildConfigurationList = 305BE7572E44EF4000ADFB52 /* Build configuration list for PBXProject "Tikluy" */;
			developmentRegion = en;
			hasScannedForEncodings = 0;
			knownRegions = (
				en,
				Base,
			);
			mainGroup = 305BE7532E44EF4000ADFB52;
			minimizedProjectReferenceProxies = 1;
			preferredProjectObjectVersion = 77;
			productRefGroup = 305BE75D2E44EF4000ADFB52 /* Products */;
			projectDirPath = "";
			projectRoot = "";
			targets = (
				305BE75B2E44EF4000ADFB52 /* Tikluy */,
				305BE76B2E44EF4100ADFB52 /* TikluyTests */,
				305BE7752E44EF4100ADFB52 /* TikluyUITests */,
			);
		};
/* End PBXProject section */

/* Begin PBXResourcesBuildPhase section */
		305BE75A2E44EF4000ADFB52 /* Resources */ = {
			isa = PBXResourcesBuildPhase;
			buildActionMask = 2147483647;
			files = (
			);
			runOnlyForDeploymentPostprocessing = 0;
		};
		305BE76A2E44EF4100ADFB52 /* Resources */ = {
			isa = PBXResourcesBuildPhase;
			buildActionMask = 2147483647;
			files = (
			);
			runOnlyForDeploymentPostprocessing = 0;
		};
		305BE7742E44EF4100ADFB52 /* Resources */ = {
			isa = PBXResourcesBuildPhase;
			buildActionMask = 2147483647;
			files = (
			);
			runOnlyForDeploymentPostprocessing = 0;
		};
/* End PBXResourcesBuildPhase section */

/* Begin PBXSourcesBuildPhase section */
		305BE7582E44EF4000ADFB52 /* Sources */ = {
			isa = PBXSourcesBuildPhase;
			buildActionMask = 2147483647;
			files = (
			);
			runOnlyForDeploymentPostprocessing = 0;
		};
		305BE7682E44EF4100ADFB52 /* Sources */ = {
			isa = PBXSourcesBuildPhase;
			buildActionMask = 2147483647;
			files = (
			);
			runOnlyForDeploymentPostprocessing = 0;
		};
		305BE7722E44EF4100ADFB52 /* Sources */ = {
			isa = PBXSourcesBuildPhase;
			buildActionMask = 2147483647;
			files = (
			);
			runOnlyForDeploymentPostprocessing = 0;
		};
/* End PBXSourcesBuildPhase section */

/* Begin PBXTargetDependency section */
		305BE76E2E44EF4100ADFB52 /* PBXTargetDependency */ = {
			isa = PBXTargetDependency;
			target = 305BE75B2E44EF4000ADFB52 /* Tikluy */;
			targetProxy = 305BE76D2E44EF4100ADFB52 /* PBXContainerItemProxy */;
		};
		305BE7782E44EF4100ADFB52 /* PBXTargetDependency */ = {
			isa = PBXTargetDependency;
			target = 305BE75B2E44EF4000ADFB52 /* Tikluy */;
			targetProxy = 305BE7772E44EF4100ADFB52 /* PBXContainerItemProxy */;
		};
/* End PBXTargetDependency section */

/* Begin XCBuildConfiguration section */
		305BE77E2E44EF4100ADFB52 /* Debug */ = {
			isa = XCBuildConfiguration;
			buildSettings = {
				ALWAYS_SEARCH_USER_PATHS = NO;
				ASSETCATALOG_COMPILER_GENERATE_SWIFT_ASSET_SYMBOL_EXTENSIONS = YES;
				CLANG_ANALYZER_NONNULL = YES;
				CLANG_ANALYZER_NUMBER_OBJECT_CONVERSION = YES_AGGRESSIVE;
				CLANG_CXX_LANGUAGE_STANDARD = "gnu++20";
				CLANG_ENABLE_MODULES = YES;
				CLANG_ENABLE_OBJC_ARC = YES;
				CLANG_ENABLE_OBJC_WEAK = YES;
				CLANG_WARN_BLOCK_CAPTURE_AUTORELEASING = YES;
				CLANG_WARN_BOOL_CONVERSION = YES;
				CLANG_WARN_COMMA = YES;
				CLANG_WARN_CONSTANT_CONVERSION = YES;
				CLANG_WARN_DEPRECATED_OBJC_IMPLEMENTATIONS = YES;
				CLANG_WARN_DIRECT_OBJC_ISA_USAGE = YES_ERROR;
				CLANG_WARN_DOCUMENTATION_COMMENTS = YES;
				CLANG_WARN_EMPTY_BODY = YES;
				CLANG_WARN_ENUM_CONVERSION = YES;
				CLANG_WARN_INFINITE_RECURSION = YES;
				CLANG_WARN_INT_CONVERSION = YES;
				CLANG_WARN_NON_LITERAL_NULL_CONVERSION = YES;
				CLANG_WARN_OBJC_IMPLICIT_RETAIN_SELF = YES;
				CLANG_WARN_OBJC_LITERAL_CONVERSION = YES;
				CLANG_WARN_OBJC_ROOT_CLASS = YES_ERROR;
				CLANG_WARN_QUOTED_INCLUDE_IN_FRAMEWORK_HEADER = YES;
				CLANG_WARN_RANGE_LOOP_ANALYSIS = YES;
				CLANG_WARN_STRICT_PROTOTYPES = YES;
				CLANG_WARN_SUSPICIOUS_MOVE = YES;
				CLANG_WARN_UNGUARDED_AVAILABILITY = YES_AGGRESSIVE;
				CLANG_WARN_UNREACHABLE_CODE = YES;
				CLANG_WARN__DUPLICATE_METHOD_MATCH = YES;
				COPY_PHASE_STRIP = NO;
				DEBUG_INFORMATION_FORMAT = dwarf;
				ENABLE_STRICT_OBJC_MSGSEND = YES;
				ENABLE_TESTABILITY = YES;
				ENABLE_USER_SCRIPT_SANDBOXING = YES;
				GCC_C_LANGUAGE_STANDARD = gnu17;
				GCC_DYNAMIC_NO_PIC = NO;
				GCC_NO_COMMON_BLOCKS = YES;
				GCC_OPTIMIZATION_LEVEL = 0;
				GCC_PREPROCESSOR_DEFINITIONS = (
					"DEBUG=1",
					"$(inherited)",
				);
				GCC_WARN_64_TO_32_BIT_CONVERSION = YES;
				GCC_WARN_ABOUT_RETURN_TYPE = YES_ERROR;
				GCC_WARN_UNDECLARED_SELECTOR = YES;
				GCC_WARN_UNINITIALIZED_AUTOS = YES_AGGRESSIVE;
				GCC_WARN_UNUSED_FUNCTION = YES;
				GCC_WARN_UNUSED_VARIABLE = YES;
				IPHONEOS_DEPLOYMENT_TARGET = 18.2;
				LOCALIZATION_PREFERS_STRING_CATALOGS = YES;
				MTL_ENABLE_DEBUG_INFO = INCLUDE_SOURCE;
				MTL_FAST_MATH = YES;
				ONLY_ACTIVE_ARCH = YES;
				SDKROOT = iphoneos;
				SWIFT_ACTIVE_COMPILATION_CONDITIONS = "DEBUG $(inherited)";
				SWIFT_OPTIMIZATION_LEVEL = "-Onone";
			};
			name = Debug;
		};
		305BE77F2E44EF4100ADFB52 /* Release */ = {
			isa = XCBuildConfiguration;
			buildSettings = {
				ALWAYS_SEARCH_USER_PATHS = NO;
				ASSETCATALOG_COMPILER_GENERATE_SWIFT_ASSET_SYMBOL_EXTENSIONS = YES;
				CLANG_ANALYZER_NONNULL = YES;
				CLANG_ANALYZER_NUMBER_OBJECT_CONVERSION = YES_AGGRESSIVE;
				CLANG_CXX_LANGUAGE_STANDARD = "gnu++20";
				CLANG_ENABLE_MODULES = YES;
				CLANG_ENABLE_OBJC_ARC = YES;
				CLANG_ENABLE_OBJC_WEAK = YES;
				CLANG_WARN_BLOCK_CAPTURE_AUTORELEASING = YES;
				CLANG_WARN_BOOL_CONVERSION = YES;
				CLANG_WARN_COMMA = YES;
				CLANG_WARN_CONSTANT_CONVERSION = YES;
				CLANG_WARN_DEPRECATED_OBJC_IMPLEMENTATIONS = YES;
				CLANG_WARN_DIRECT_OBJC_ISA_USAGE = YES_ERROR;
				CLANG_WARN_DOCUMENTATION_COMMENTS = YES;
				CLANG_WARN_EMPTY_BODY = YES;
				CLANG_WARN_ENUM_CONVERSION = YES;
				CLANG_WARN_INFINITE_RECURSION = YES;
				CLANG_WARN_INT_CONVERSION = YES;
				CLANG_WARN_NON_LITERAL_NULL_CONVERSION = YES;
				CLANG_WARN_OBJC_IMPLICIT_RETAIN_SELF = YES;
				CLANG_WARN_OBJC_LITERAL_CONVERSION = YES;
				CLANG_WARN_OBJC_ROOT_CLASS = YES_ERROR;
				CLANG_WARN_QUOTED_INCLUDE_IN_FRAMEWORK_HEADER = YES;
				CLANG_WARN_RANGE_LOOP_ANALYSIS = YES;
				CLANG_WARN_STRICT_PROTOTYPES = YES;
				CLANG_WARN_SUSPICIOUS_MOVE = YES;
				CLANG_WARN_UNGUARDED_AVAILABILITY = YES_AGGRESSIVE;
				CLANG_WARN_UNREACHABLE_CODE = YES;
				CLANG_WARN__DUPLICATE_METHOD_MATCH = YES;
				COPY_PHASE_STRIP = NO;
				DEBUG_INFORMATION_FORMAT = "dwarf-with-dsym";
				ENABLE_NS_ASSERTIONS = NO;
				ENABLE_STRICT_OBJC_MSGSEND = YES;
				ENABLE_USER_SCRIPT_SANDBOXING = YES;
				GCC_C_LANGUAGE_STANDARD = gnu17;
				GCC_NO_COMMON_BLOCKS = YES;
				GCC_WARN_64_TO_32_BIT_CONVERSION = YES;
				GCC_WARN_ABOUT_RETURN_TYPE = YES_ERROR;
				GCC_WARN_UNDECLARED_SELECTOR = YES;
				GCC_WARN_UNINITIALIZED_AUTOS = YES_AGGRESSIVE;
				GCC_WARN_UNUSED_FUNCTION = YES;
				GCC_WARN_UNUSED_VARIABLE = YES;
				IPHONEOS_DEPLOYMENT_TARGET = 18.2;
				LOCALIZATION_PREFERS_STRING_CATALOGS = YES;
				MTL_ENABLE_DEBUG_INFO = NO;
				MTL_FAST_MATH = YES;
				SDKROOT = iphoneos;
				SWIFT_COMPILATION_MODE = wholemodule;
				VALIDATE_PRODUCT = YES;
			};
			name = Release;
		};
		305BE7812E44EF4100ADFB52 /* Debug */ = {
			isa = XCBuildConfiguration;
			buildSettings = {
				ASSETCATALOG_COMPILER_APPICON_NAME = AppIcon;
				ASSETCATALOG_COMPILER_GLOBAL_ACCENT_COLOR_NAME = AccentColor;
				CODE_SIGN_STYLE = Automatic;
				CURRENT_PROJECT_VERSION = 1;
				DEVELOPMENT_ASSET_PATHS = "\"Tikluy/Preview Content\"";
				DEVELOPMENT_TEAM = 59S77NU5V4;
				ENABLE_PREVIEWS = YES;
				GENERATE_INFOPLIST_FILE = YES;
				INFOPLIST_KEY_UIApplicationSceneManifest_Generation = YES;
				INFOPLIST_KEY_UIApplicationSupportsIndirectInputEvents = YES;
				INFOPLIST_KEY_UILaunchScreen_Generation = YES;
				INFOPLIST_KEY_UISupportedInterfaceOrientations_iPad = "UIInterfaceOrientationPortrait UIInterfaceOrientationPortraitUpsideDown UIInterfaceOrientationLandscapeLeft UIInterfaceOrientationLandscapeRight";
				INFOPLIST_KEY_UISupportedInterfaceOrientations_iPhone = "UIInterfaceOrientationPortrait UIInterfaceOrientationLandscapeLeft UIInterfaceOrientationLandscapeRight";
				LD_RUNPATH_SEARCH_PATHS = (
					"$(inherited)",
					"@executable_path/Frameworks",
				);
				MARKETING_VERSION = 1.0;
				PRODUCT_BUNDLE_IDENTIFIER = dinhanh.Tikluy;
				PRODUCT_NAME = "$(TARGET_NAME)";
				SWIFT_EMIT_LOC_STRINGS = YES;
				SWIFT_VERSION = 5.0;
				TARGETED_DEVICE_FAMILY = "1,2";
			};
			name = Debug;
		};
		305BE7822E44EF4100ADFB52 /* Release */ = {
			isa = XCBuildConfiguration;
			buildSettings = {
				ASSETCATALOG_COMPILER_APPICON_NAME = AppIcon;
				ASSETCATALOG_COMPILER_GLOBAL_ACCENT_COLOR_NAME = AccentColor;
				CODE_SIGN_STYLE = Automatic;
				CURRENT_PROJECT_VERSION = 1;
				DEVELOPMENT_ASSET_PATHS = "\"Tikluy/Preview Content\"";
				DEVELOPMENT_TEAM = 59S77NU5V4;
				ENABLE_PREVIEWS = YES;
				GENERATE_INFOPLIST_FILE = YES;
				INFOPLIST_KEY_UIApplicationSceneManifest_Generation = YES;
				INFOPLIST_KEY_UIApplicationSupportsIndirectInputEvents = YES;
				INFOPLIST_KEY_UILaunchScreen_Generation = YES;
				INFOPLIST_KEY_UISupportedInterfaceOrientations_iPad = "UIInterfaceOrientationPortrait UIInterfaceOrientationPortraitUpsideDown UIInterfaceOrientationLandscapeLeft UIInterfaceOrientationLandscapeRight";
				INFOPLIST_KEY_UISupportedInterfaceOrientations_iPhone = "UIInterfaceOrientationPortrait UIInterfaceOrientationLandscapeLeft UIInterfaceOrientationLandscapeRight";
				LD_RUNPATH_SEARCH_PATHS = (
					"$(inherited)",
					"@executable_path/Frameworks",
				);
				MARKETING_VERSION = 1.0;
				PRODUCT_BUNDLE_IDENTIFIER = dinhanh.Tikluy;
				PRODUCT_NAME = "$(TARGET_NAME)";
				SWIFT_EMIT_LOC_STRINGS = YES;
				SWIFT_VERSION = 5.0;
				TARGETED_DEVICE_FAMILY = "1,2";
			};
			name = Release;
		};
		305BE7842E44EF4100ADFB52 /* Debug */ = {
			isa = XCBuildConfiguration;
			buildSettings = {
				BUNDLE_LOADER = "$(TEST_HOST)";
				CODE_SIGN_STYLE = Automatic;
				CURRENT_PROJECT_VERSION = 1;
				DEVELOPMENT_TEAM = Q66T97UQ83;
				GENERATE_INFOPLIST_FILE = YES;
				IPHONEOS_DEPLOYMENT_TARGET = 18.2;
				MARKETING_VERSION = 1.0;
				PRODUCT_BUNDLE_IDENTIFIER = dinhanh.TikluyTests;
				PRODUCT_NAME = "$(TARGET_NAME)";
				SWIFT_EMIT_LOC_STRINGS = NO;
				SWIFT_VERSION = 5.0;
				TARGETED_DEVICE_FAMILY = "1,2";
				TEST_HOST = "$(BUILT_PRODUCTS_DIR)/Tikluy.app/$(BUNDLE_EXECUTABLE_FOLDER_PATH)/Tikluy";
			};
			name = Debug;
		};
		305BE7852E44EF4100ADFB52 /* Release */ = {
			isa = XCBuildConfiguration;
			buildSettings = {
				BUNDLE_LOADER = "$(TEST_HOST)";
				CODE_SIGN_STYLE = Automatic;
				CURRENT_PROJECT_VERSION = 1;
				DEVELOPMENT_TEAM = Q66T97UQ83;
				GENERATE_INFOPLIST_FILE = YES;
				IPHONEOS_DEPLOYMENT_TARGET = 18.2;
				MARKETING_VERSION = 1.0;
				PRODUCT_BUNDLE_IDENTIFIER = dinhanh.TikluyTests;
				PRODUCT_NAME = "$(TARGET_NAME)";
				SWIFT_EMIT_LOC_STRINGS = NO;
				SWIFT_VERSION = 5.0;
				TARGETED_DEVICE_FAMILY = "1,2";
				TEST_HOST = "$(BUILT_PRODUCTS_DIR)/Tikluy.app/$(BUNDLE_EXECUTABLE_FOLDER_PATH)/Tikluy";
			};
			name = Release;
		};
		305BE7872E44EF4100ADFB52 /* Debug */ = {
			isa = XCBuildConfiguration;
			buildSettings = {
				CODE_SIGN_STYLE = Automatic;
				CURRENT_PROJECT_VERSION = 1;
				DEVELOPMENT_TEAM = Q66T97UQ83;
				GENERATE_INFOPLIST_FILE = YES;
				MARKETING_VERSION = 1.0;
				PRODUCT_BUNDLE_IDENTIFIER = dinhanh.TikluyUITests;
				PRODUCT_NAME = "$(TARGET_NAME)";
				SWIFT_EMIT_LOC_STRINGS = NO;
				SWIFT_VERSION = 5.0;
				TARGETED_DEVICE_FAMILY = "1,2";
				TEST_TARGET_NAME = Tikluy;
			};
			name = Debug;
		};
		305BE7882E44EF4100ADFB52 /* Release */ = {
			isa = XCBuildConfiguration;
			buildSettings = {
				CODE_SIGN_STYLE = Automatic;
				CURRENT_PROJECT_VERSION = 1;
				DEVELOPMENT_TEAM = Q66T97UQ83;
				GENERATE_INFOPLIST_FILE = YES;
				MARKETING_VERSION = 1.0;
				PRODUCT_BUNDLE_IDENTIFIER = dinhanh.TikluyUITests;
				PRODUCT_NAME = "$(TARGET_NAME)";
				SWIFT_EMIT_LOC_STRINGS = NO;
				SWIFT_VERSION = 5.0;
				TARGETED_DEVICE_FAMILY = "1,2";
				TEST_TARGET_NAME = Tikluy;
			};
			name = Release;
		};
/* End XCBuildConfiguration section */

/* Begin XCConfigurationList section */
		305BE7572E44EF4000ADFB52 /* Build configuration list for PBXProject "Tikluy" */ = {
			isa = XCConfigurationList;
			buildConfigurations = (
				305BE77E2E44EF4100ADFB52 /* Debug */,
				305BE77F2E44EF4100ADFB52 /* Release */,
			);
			defaultConfigurationIsVisible = 0;
			defaultConfigurationName = Release;
		};
		305BE7802E44EF4100ADFB52 /* Build configuration list for PBXNativeTarget "Tikluy" */ = {
			isa = XCConfigurationList;
			buildConfigurations = (
				305BE7812E44EF4100ADFB52 /* Debug */,
				305BE7822E44EF4100ADFB52 /* Release */,
			);
			defaultConfigurationIsVisible = 0;
			defaultConfigurationName = Release;
		};
		305BE7832E44EF4100ADFB52 /* Build configuration list for PBXNativeTarget "TikluyTests" */ = {
			isa = XCConfigurationList;
			buildConfigurations = (
				305BE7842E44EF4100ADFB52 /* Debug */,
				305BE7852E44EF4100ADFB52 /* Release */,
			);
			defaultConfigurationIsVisible = 0;
			defaultConfigurationName = Release;
		};
		305BE7862E44EF4100ADFB52 /* Build configuration list for PBXNativeTarget "TikluyUITests" */ = {
			isa = XCConfigurationList;
			buildConfigurations = (
				305BE7872E44EF4100ADFB52 /* Debug */,
				305BE7882E44EF4100ADFB52 /* Release */,
			);
			defaultConfigurationIsVisible = 0;
			defaultConfigurationName = Release;
		};
/* End XCConfigurationList section */
	};
	rootObject = 305BE7542E44EF4000ADFB52 /* Project object */;
}
